
Microsoft Visual Studio Solution File, Format Version 12.00
# Visual Studio Version 16
VisualStudioVersion = 16.0.30517.126
MinimumVisualStudioVersion = 10.0.40219.1
Project("{FAE04EC0-301F-11D3-BF4B-00C04F79EFBC}") = "WpfAnimationExample", "WpfAnimationExample\WpfAnimationExample.csproj", "{9AA89916-19E2-4871-91E9-12A87E2830FC}"
EndProject
Global
	GlobalSection(SolutionConfigurationPlatforms) = preSolution
		Debug|Any CPU = Debug|Any CPU
		Release|Any CPU = Release|Any CPU
	EndGlobalSection
	GlobalSection(ProjectConfigurationPlatforms) = postSolution
		{9AA89916-19E2-4871-91E9-12A87E2830FC}.Debug|Any CPU.ActiveCfg = Debug|Any CPU
		{9AA89916-19E2-4871-91E9-12A87E2830FC}.Debug|Any CPU.Build.0 = Debug|Any CPU
		{9AA89916-19E2-4871-91E9-12A87E2830FC}.Release|Any CPU.ActiveCfg = Release|Any CPU
		{9AA89916-19E2-4871-91E9-12A87E2830FC}.Release|Any CPU.Build.0 = Release|Any CPU
	EndGlobalSection
	GlobalSection(SolutionProperties) = preSolution
		HideSolutionNode = FALSE
	EndGlobalSection
	GlobalSection(ExtensibilityGlobals) = postSolution
		SolutionGuid = {AF2B5527-EE74-4BEF-A210-4022F4C8A17B}
	EndGlobalSection
EndGlobal
